
Microsoft Visual Studio Solution File, Format Version 12.00
# Visual Studio Version 17
VisualStudioVersion = 17.4.33122.133
MinimumVisualStudioVersion = 10.0.40219.1
Project("{FAE04EC0-301F-11D3-BF4B-00C04F79EFBC}") = "AMONIC Airlines", "AMONIC Airlines.csproj", "{4DAF16FF-7564-4FCD-8213-12AC28417FC4}"
EndProject
Global
	GlobalSection(SolutionConfigurationPlatforms) = preSolution
		Debug|Any CPU = Debug|Any CPU
		Release|Any CPU = Release|Any CPU
	EndGlobalSection
	GlobalSection(ProjectConfigurationPlatforms) = postSolution
		{4DAF16FF-7564-4FCD-8213-12AC28417FC4}.Debug|Any CPU.ActiveCfg = Debug|Any CPU
		{4DAF16FF-7564-4FCD-8213-12AC28417FC4}.Debug|Any CPU.Build.0 = Debug|Any CPU
		{4DAF16FF-7564-4FCD-8213-12AC28417FC4}.Release|Any CPU.ActiveCfg = Release|Any CPU
		{4DAF16FF-7564-4FCD-8213-12AC28417FC4}.Release|Any CPU.Build.0 = Release|Any CPU
	EndGlobalSection
	GlobalSection(SolutionProperties) = preSolution
		HideSolutionNode = FALSE
	EndGlobalSection
	GlobalSection(ExtensibilityGlobals) = postSolution
		SolutionGuid = {D1C08185-F0AF-4C0E-8C16-70BCC1C09C90}
	EndGlobalSection
EndGlobal
